// !$*UTF8*$!
{
	archiveVersion = 1;
	classes = {
	};
	objectVersion = 50;
	objects = {

/* Begin PBXBuildFile section */
		6CCBEAB5EC2BCE7995944D44 /* libPods-AifudaoBaseModule.a in Frameworks */ = {isa = PBXBuildFile; fileRef = 2FAF8B784907B3E875BAD6A1 /* libPods-AifudaoBaseModule.a */; };
		9199C8E4215DDEA5009C27CE /* AppDelegate.m in Sources */ = {isa = PBXBuildFile; fileRef = 9199C8E3215DDEA5009C27CE /* AppDelegate.m */; };
		9199C8E7215DDEA5009C27CE /* ViewController.m in Sources */ = {isa = PBXBuildFile; fileRef = 9199C8E6215DDEA5009C27CE /* ViewController.m */; };
		9199C8EA215DDEA5009C27CE /* Main.storyboard in Resources */ = {isa = PBXBuildFile; fileRef = 9199C8E8215DDEA5009C27CE /* Main.storyboard */; };
		9199C8EC215DDEA6009C27CE /* Assets.xcassets in Resources */ = {isa = PBXBuildFile; fileRef = 9199C8EB215DDEA6009C27CE /* Assets.xcassets */; };
		9199C8EF215DDEA6009C27CE /* LaunchScreen.storyboard in Resources */ = {isa = PBXBuildFile; fileRef = 9199C8ED215DDEA6009C27CE /* LaunchScreen.storyboard */; };
		9199C8F2215DDEA6009C27CE /* main.m in Sources */ = {isa = PBXBuildFile; fileRef = 9199C8F1215DDEA6009C27CE /* main.m */; };
		9199C8FC215DDEA6009C27CE /* AifudaoBaseModuleTests.m in Sources */ = {isa = PBXBuildFile; fileRef = 9199C8FB215DDEA6009C27CE /* AifudaoBaseModuleTests.m */; };
		9199C907215DDEA6009C27CE /* AifudaoBaseModuleUITests.m in Sources */ = {isa = PBXBuildFile; fileRef = 9199C906215DDEA6009C27CE /* AifudaoBaseModuleUITests.m */; };
		9199CDD8215DE04B009C27CE /* libc++.tbd in Frameworks */ = {isa = PBXBuildFile; fileRef = 9199CDD7215DE04B009C27CE /* libc++.tbd */; };
		9199CDDA215DE063009C27CE /* libz.tbd in Frameworks */ = {isa = PBXBuildFile; fileRef = 9199CDD9215DE063009C27CE /* libz.tbd */; };
/* End PBXBuildFile section */

/* Begin PBXContainerItemProxy section */
		9199C8F8215DDEA6009C27CE /* PBXContainerItemProxy */ = {
			isa = PBXContainerItemProxy;
			containerPortal = 9199C8D7215DDEA5009C27CE /* Project object */;
			proxyType = 1;
			remoteGlobalIDString = 9199C8DE215DDEA5009C27CE;
			remoteInfo = AifudaoBaseModule;
		};
		9199C903215DDEA6009C27CE /* PBXContainerItemProxy */ = {
			isa = PBXContainerItemProxy;
			containerPortal = 9199C8D7215DDEA5009C27CE /* Project object */;
			proxyType = 1;
			remoteGlobalIDString = 9199C8DE215DDEA5009C27CE;
			remoteInfo = AifudaoBaseModule;
		};
/* End PBXContainerItemProxy section */

/* Begin PBXFileReference section */
		2FAF8B784907B3E875BAD6A1 /* libPods-AifudaoBaseModule.a */ = {isa = PBXFileReference; explicitFileType = archive.ar; includeInIndex = 0; path = "libPods-AifudaoBaseModule.a"; sourceTree = BUILT_PRODUCTS_DIR; };
		5445AEAC3D85C7AEFF8C14E8 /* Pods-AifudaoBaseModule.debug.xcconfig */ = {isa = PBXFileReference; includeInIndex = 1; lastKnownFileType = text.xcconfig; name = "Pods-AifudaoBaseModule.debug.xcconfig"; path = "Pods/Target Support Files/Pods-AifudaoBaseModule/Pods-AifudaoBaseModule.debug.xcconfig"; sourceTree = "<group>"; };
		9199C8DF215DDEA5009C27CE /* AifudaoBaseModule.app */ = {isa = PBXFileReference; explicitFileType = wrapper.application; includeInIndex = 0; path = AifudaoBaseModule.app; sourceTree = BUILT_PRODUCTS_DIR; };
		9199C8E2215DDEA5009C27CE /* AppDelegate.h */ = {isa = PBXFileReference; lastKnownFileType = sourcecode.c.h; path = AppDelegate.h; sourceTree = "<group>"; };
		9199C8E3215DDEA5009C27CE /* AppDelegate.m */ = {isa = PBXFileReference; lastKnownFileType = sourcecode.c.objc; path = AppDelegate.m; sourceTree = "<group>"; };
		9199C8E5215DDEA5009C27CE /* ViewController.h */ = {isa = PBXFileReference; lastKnownFileType = sourcecode.c.h; path = ViewController.h; sourceTree = "<group>"; };
		9199C8E6215DDEA5009C27CE /* ViewController.m */ = {isa = PBXFileReference; lastKnownFileType = sourcecode.c.objc; path = ViewController.m; sourceTree = "<group>"; };
		9199C8E9215DDEA5009C27CE /* Base */ = {isa = PBXFileReference; lastKnownFileType = file.storyboard; name = Base; path = Base.lproj/Main.storyboard; sourceTree = "<group>"; };
		9199C8EB215DDEA6009C27CE /* Assets.xcassets */ = {isa = PBXFileReference; lastKnownFileType = folder.assetcatalog; path = Assets.xcassets; sourceTree = "<group>"; };
		9199C8EE215DDEA6009C27CE /* Base */ = {isa = PBXFileReference; lastKnownFileType = file.storyboard; name = Base; path = Base.lproj/LaunchScreen.storyboard; sourceTree = "<group>"; };
		9199C8F0215DDEA6009C27CE /* Info.plist */ = {isa = PBXFileReference; lastKnownFileType = text.plist.xml; path = Info.plist; sourceTree = "<group>"; };
		9199C8F1215DDEA6009C27CE /* main.m */ = {isa = PBXFileReference; lastKnownFileType = sourcecode.c.objc; path = main.m; sourceTree = "<group>"; };
		9199C8F7215DDEA6009C27CE /* AifudaoBaseModuleTests.xctest */ = {isa = PBXFileReference; explicitFileType = wrapper.cfbundle; includeInIndex = 0; path = AifudaoBaseModuleTests.xctest; sourceTree = BUILT_PRODUCTS_DIR; };
		9199C8FB215DDEA6009C27CE /* AifudaoBaseModuleTests.m */ = {isa = PBXFileReference; lastKnownFileType = sourcecode.c.objc; path = AifudaoBaseModuleTests.m; sourceTree = "<group>"; };
		9199C8FD215DDEA6009C27CE /* Info.plist */ = {isa = PBXFileReference; lastKnownFileType = text.plist.xml; path = Info.plist; sourceTree = "<group>"; };
		9199C902215DDEA6009C27CE /* AifudaoBaseModuleUITests.xctest */ = {isa = PBXFileReference; explicitFileType = wrapper.cfbundle; includeInIndex = 0; path = AifudaoBaseModuleUITests.xctest; sourceTree = BUILT_PRODUCTS_DIR; };
		9199C906215DDEA6009C27CE /* AifudaoBaseModuleUITests.m */ = {isa = PBXFileReference; lastKnownFileType = sourcecode.c.objc; path = AifudaoBaseModuleUITests.m; sourceTree = "<group>"; };
		9199C908215DDEA6009C27CE /* Info.plist */ = {isa = PBXFileReference; lastKnownFileType = text.plist.xml; path = Info.plist; sourceTree = "<group>"; };
		9199CDD7215DE04B009C27CE /* libc++.tbd */ = {isa = PBXFileReference; lastKnownFileType = "sourcecode.text-based-dylib-definition"; name = "libc++.tbd"; path = "usr/lib/libc++.tbd"; sourceTree = SDKROOT; };
		9199CDD9215DE063009C27CE /* libz.tbd */ = {isa = PBXFileReference; lastKnownFileType = "sourcecode.text-based-dylib-definition"; name = libz.tbd; path = usr/lib/libz.tbd; sourceTree = SDKROOT; };
		91B8CD0B2170CB8200DB2036 /* FMDB.framework */ = {isa = PBXFileReference; explicitFileType = wrapper.framework; path = FMDB.framework; sourceTree = BUILT_PRODUCTS_DIR; };
		91B8CD0D2170CF9600DB2036 /* YXFuDaoBase.framework */ = {isa = PBXFileReference; explicitFileType = wrapper.framework; path = YXFuDaoBase.framework; sourceTree = BUILT_PRODUCTS_DIR; };
		91C13E25215DE2BC0046258B /* PrefixHeader.pch */ = {isa = PBXFileReference; lastKnownFileType = sourcecode.c.h; path = PrefixHeader.pch; sourceTree = "<group>"; };
		91C1B8802170C7A9007E5927 /* libsqlite3.tbd */ = {isa = PBXFileReference; lastKnownFileType = "sourcecode.text-based-dylib-definition"; name = libsqlite3.tbd; path = usr/lib/libsqlite3.tbd; sourceTree = SDKROOT; };
		91C1B8822170C83A007E5927 /* libFMDB.a */ = {isa = PBXFileReference; explicitFileType = archive.ar; path = libFMDB.a; sourceTree = BUILT_PRODUCTS_DIR; };
		BA4CDC98BB218CBB6E851E67 /* Pods-AifudaoBaseModule.release.xcconfig */ = {isa = PBXFileReference; includeInIndex = 1; lastKnownFileType = text.xcconfig; name = "Pods-AifudaoBaseModule.release.xcconfig"; path = "Pods/Target Support Files/Pods-AifudaoBaseModule/Pods-AifudaoBaseModule.release.xcconfig"; sourceTree = "<group>"; };
/* End PBXFileReference section */

/* Begin PBXFrameworksBuildPhase section */
		9199C8DC215DDEA5009C27CE /* Frameworks */ = {
			isa = PBXFrameworksBuildPhase;
			buildActionMask = 2147483647;
			files = (
				9199CDDA215DE063009C27CE /* libz.tbd in Frameworks */,
				9199CDD8215DE04B009C27CE /* libc++.tbd in Frameworks */,
				6CCBEAB5EC2BCE7995944D44 /* libPods-AifudaoBaseModule.a in Frameworks */,
			);
			runOnlyForDeploymentPostprocessing = 0;
		};
		9199C8F4215DDEA6009C27CE /* Frameworks */ = {
			isa = PBXFrameworksBuildPhase;
			buildActionMask = 2147483647;
			files = (
			);
			runOnlyForDeploymentPostprocessing = 0;
		};
		9199C8FF215DDEA6009C27CE /* Frameworks */ = {
			isa = PBXFrameworksBuildPhase;
			buildActionMask = 2147483647;
			files = (
			);
			runOnlyForDeploymentPostprocessing = 0;
		};
/* End PBXFrameworksBuildPhase section */

/* Begin PBXGroup section */
		74BD02378176F926286A2913 /* Frameworks */ = {
			isa = PBXGroup;
			children = (
				91B8CD0D2170CF9600DB2036 /* YXFuDaoBase.framework */,
				91B8CD0B2170CB8200DB2036 /* FMDB.framework */,
				91C1B8822170C83A007E5927 /* libFMDB.a */,
				91C1B8802170C7A9007E5927 /* libsqlite3.tbd */,
				9199CDD9215DE063009C27CE /* libz.tbd */,
				9199CDD7215DE04B009C27CE /* libc++.tbd */,
				2FAF8B784907B3E875BAD6A1 /* libPods-AifudaoBaseModule.a */,
			);
			name = Frameworks;
			sourceTree = "<group>";
		};
		9199C8D6215DDEA5009C27CE = {
			isa = PBXGroup;
			children = (
				9199C8E1215DDEA5009C27CE /* AifudaoBaseModule */,
				9199C8FA215DDEA6009C27CE /* AifudaoBaseModuleTests */,
				9199C905215DDEA6009C27CE /* AifudaoBaseModuleUITests */,
				9199C8E0215DDEA5009C27CE /* Products */,
				AED61D4D6F7E1838BBDD74DB /* Pods */,
				74BD02378176F926286A2913 /* Frameworks */,
			);
			sourceTree = "<group>";
		};
		9199C8E0215DDEA5009C27CE /* Products */ = {
			isa = PBXGroup;
			children = (
				9199C8DF215DDEA5009C27CE /* AifudaoBaseModule.app */,
				9199C8F7215DDEA6009C27CE /* AifudaoBaseModuleTests.xctest */,
				9199C902215DDEA6009C27CE /* AifudaoBaseModuleUITests.xctest */,
			);
			name = Products;
			sourceTree = "<group>";
		};
		9199C8E1215DDEA5009C27CE /* AifudaoBaseModule */ = {
			isa = PBXGroup;
			children = (
				9199C8E2215DDEA5009C27CE /* AppDelegate.h */,
				9199C8E3215DDEA5009C27CE /* AppDelegate.m */,
				9199C8E5215DDEA5009C27CE /* ViewController.h */,
				9199C8E6215DDEA5009C27CE /* ViewController.m */,
				9199C8E8215DDEA5009C27CE /* Main.storyboard */,
				9199C8EB215DDEA6009C27CE /* Assets.xcassets */,
				9199C8ED215DDEA6009C27CE /* LaunchScreen.storyboard */,
				9199C8F0215DDEA6009C27CE /* Info.plist */,
				9199C8F1215DDEA6009C27CE /* main.m */,
				91C13E25215DE2BC0046258B /* PrefixHeader.pch */,
			);
			path = AifudaoBaseModule;
			sourceTree = "<group>";
		};
		9199C8FA215DDEA6009C27CE /* AifudaoBaseModuleTests */ = {
			isa = PBXGroup;
			children = (
				9199C8FB215DDEA6009C27CE /* AifudaoBaseModuleTests.m */,
				9199C8FD215DDEA6009C27CE /* Info.plist */,
			);
			path = AifudaoBaseModuleTests;
			sourceTree = "<group>";
		};
		9199C905215DDEA6009C27CE /* AifudaoBaseModuleUITests */ = {
			isa = PBXGroup;
			children = (
				9199C906215DDEA6009C27CE /* AifudaoBaseModuleUITests.m */,
				9199C908215DDEA6009C27CE /* Info.plist */,
			);
			path = AifudaoBaseModuleUITests;
			sourceTree = "<group>";
		};
		AED61D4D6F7E1838BBDD74DB /* Pods */ = {
			isa = PBXGroup;
			children = (
				5445AEAC3D85C7AEFF8C14E8 /* Pods-AifudaoBaseModule.debug.xcconfig */,
				BA4CDC98BB218CBB6E851E67 /* Pods-AifudaoBaseModule.release.xcconfig */,
			);
			name = Pods;
			sourceTree = "<group>";
		};
/* End PBXGroup section */

/* Begin PBXNativeTarget section */
		9199C8DE215DDEA5009C27CE /* AifudaoBaseModule */ = {
			isa = PBXNativeTarget;
			buildConfigurationList = 9199C90B215DDEA6009C27CE /* Build configuration list for PBXNativeTarget "AifudaoBaseModule" */;
			buildPhases = (
				3400D7C0605DBDA385E066F6 /* [CP] Check Pods Manifest.lock */,
				9199C8DB215DDEA5009C27CE /* Sources */,
				9199C8DC215DDEA5009C27CE /* Frameworks */,
				9199C8DD215DDEA5009C27CE /* Resources */,
				2702C6787BC3B286502E85D0 /* [CP] Copy Pods Resources */,
			);
			buildRules = (
			);
			dependencies = (
			);
			name = AifudaoBaseModule;
			productName = AifudaoBaseModule;
			productReference = 9199C8DF215DDEA5009C27CE /* AifudaoBaseModule.app */;
			productType = "com.apple.product-type.application";
		};
		9199C8F6215DDEA6009C27CE /* AifudaoBaseModuleTests */ = {
			isa = PBXNativeTarget;
			buildConfigurationList = 9199C90E215DDEA6009C27CE /* Build configuration list for PBXNativeTarget "AifudaoBaseModuleTests" */;
			buildPhases = (
				9199C8F3215DDEA6009C27CE /* Sources */,
				9199C8F4215DDEA6009C27CE /* Frameworks */,
				9199C8F5215DDEA6009C27CE /* Resources */,
			);
			buildRules = (
			);
			dependencies = (
				9199C8F9215DDEA6009C27CE /* PBXTargetDependency */,
			);
			name = AifudaoBaseModuleTests;
			productName = AifudaoBaseModuleTests;
			productReference = 9199C8F7215DDEA6009C27CE /* AifudaoBaseModuleTests.xctest */;
			productType = "com.apple.product-type.bundle.unit-test";
		};
		9199C901215DDEA6009C27CE /* AifudaoBaseModuleUITests */ = {
			isa = PBXNativeTarget;
			buildConfigurationList = 9199C911215DDEA6009C27CE /* Build configuration list for PBXNativeTarget "AifudaoBaseModuleUITests" */;
			buildPhases = (
				9199C8FE215DDEA6009C27CE /* Sources */,
				9199C8FF215DDEA6009C27CE /* Frameworks */,
				9199C900215DDEA6009C27CE /* Resources */,
			);
			buildRules = (
			);
			dependencies = (
				9199C904215DDEA6009C27CE /* PBXTargetDependency */,
			);
			name = AifudaoBaseModuleUITests;
			productName = AifudaoBaseModuleUITests;
			productReference = 9199C902215DDEA6009C27CE /* AifudaoBaseModuleUITests.xctest */;
			productType = "com.apple.product-type.bundle.ui-testing";
		};
/* End PBXNativeTarget section */

/* Begin PBXProject section */
		9199C8D7215DDEA5009C27CE /* Project object */ = {
			isa = PBXProject;
			attributes = {
				LastUpgradeCheck = 1000;
				ORGANIZATIONNAME = "永强";
				TargetAttributes = {
					9199C8DE215DDEA5009C27CE = {
						CreatedOnToolsVersion = 10.0;
					};
					9199C8F6215DDEA6009C27CE = {
						CreatedOnToolsVersion = 10.0;
						TestTargetID = 9199C8DE215DDEA5009C27CE;
					};
					9199C901215DDEA6009C27CE = {
						CreatedOnToolsVersion = 10.0;
						TestTargetID = 9199C8DE215DDEA5009C27CE;
					};
				};
			};
			buildConfigurationList = 9199C8DA215DDEA5009C27CE /* Build configuration list for PBXProject "aifudaoBaseModule" */;
			compatibilityVersion = "Xcode 9.3";
			developmentRegion = en;
			hasScannedForEncodings = 0;
			knownRegions = (
				en,
				Base,
			);
			mainGroup = 9199C8D6215DDEA5009C27CE;
			productRefGroup = 9199C8E0215DDEA5009C27CE /* Products */;
			projectDirPath = "";
			projectRoot = "";
			targets = (
				9199C8DE215DDEA5009C27CE /* AifudaoBaseModule */,
				9199C8F6215DDEA6009C27CE /* AifudaoBaseModuleTests */,
				9199C901215DDEA6009C27CE /* AifudaoBaseModuleUITests */,
			);
		};
/* End PBXProject section */

/* Begin PBXResourcesBuildPhase section */
		9199C8DD215DDEA5009C27CE /* Resources */ = {
			isa = PBXResourcesBuildPhase;
			buildActionMask = 2147483647;
			files = (
				9199C8EF215DDEA6009C27CE /* LaunchScreen.storyboard in Resources */,
				9199C8EC215DDEA6009C27CE /* Assets.xcassets in Resources */,
				9199C8EA215DDEA5009C27CE /* Main.storyboard in Resources */,
			);
			runOnlyForDeploymentPostprocessing = 0;
		};
		9199C8F5215DDEA6009C27CE /* Resources */ = {
			isa = PBXResourcesBuildPhase;
			buildActionMask = 2147483647;
			files = (
			);
			runOnlyForDeploymentPostprocessing = 0;
		};
		9199C900215DDEA6009C27CE /* Resources */ = {
			isa = PBXResourcesBuildPhase;
			buildActionMask = 2147483647;
			files = (
			);
			runOnlyForDeploymentPostprocessing = 0;
		};
/* End PBXResourcesBuildPhase section */

/* Begin PBXShellScriptBuildPhase section */
		2702C6787BC3B286502E85D0 /* [CP] Copy Pods Resources */ = {
			isa = PBXShellScriptBuildPhase;
			buildActionMask = 2147483647;
			files = (
			);
			inputFileListPaths = (
			);
			inputPaths = (
				"${SRCROOT}/Pods/Target Support Files/Pods-AifudaoBaseModule/Pods-AifudaoBaseModule-resources.sh",
				"${PODS_ROOT}/AlipaySDK-iOS/AlipaySDK.bundle",
				"${PODS_CONFIGURATION_BUILD_DIR}/HFSFDCommon/HFSFDCommon.bundle",
				"${PODS_ROOT}/IQKeyboardManager/IQKeyboardManager/Resources/IQKeyboardManager.bundle",
				"${PODS_ROOT}/MJRefresh/MJRefresh/MJRefresh.bundle",
				"${PODS_ROOT}/SAMKeychain/Support/SAMKeychain.bundle",
				"${PODS_ROOT}/TZImagePickerController/TZImagePickerController/TZImagePickerController/TZImagePickerController.bundle",
				"${PODS_CONFIGURATION_BUILD_DIR}/YXFuDaoModule/YXFuDaoModule.bundle",
			);
			name = "[CP] Copy Pods Resources";
			outputFileListPaths = (
			);
			outputPaths = (
				"${TARGET_BUILD_DIR}/${UNLOCALIZED_RESOURCES_FOLDER_PATH}/AlipaySDK.bundle",
				"${TARGET_BUILD_DIR}/${UNLOCALIZED_RESOURCES_FOLDER_PATH}/HFSFDCommon.bundle",
				"${TARGET_BUILD_DIR}/${UNLOCALIZED_RESOURCES_FOLDER_PATH}/IQKeyboardManager.bundle",
				"${TARGET_BUILD_DIR}/${UNLOCALIZED_RESOURCES_FOLDER_PATH}/MJRefresh.bundle",
				"${TARGET_BUILD_DIR}/${UNLOCALIZED_RESOURCES_FOLDER_PATH}/SAMKeychain.bundle",
				"${TARGET_BUILD_DIR}/${UNLOCALIZED_RESOURCES_FOLDER_PATH}/TZImagePickerController.bundle",
				"${TARGET_BUILD_DIR}/${UNLOCALIZED_RESOURCES_FOLDER_PATH}/YXFuDaoModule.bundle",
			);
			runOnlyForDeploymentPostprocessing = 0;
			shellPath = /bin/sh;
			shellScript = "\"${SRCROOT}/Pods/Target Support Files/Pods-AifudaoBaseModule/Pods-AifudaoBaseModule-resources.sh\"\n";
			showEnvVarsInLog = 0;
		};
		3400D7C0605DBDA385E066F6 /* [CP] Check Pods Manifest.lock */ = {
			isa = PBXShellScriptBuildPhase;
			buildActionMask = 2147483647;
			files = (
			);
			inputPaths = (
				"${PODS_PODFILE_DIR_PATH}/Podfile.lock",
				"${PODS_ROOT}/Manifest.lock",
			);
			name = "[CP] Check Pods Manifest.lock";
			outputPaths = (
				"$(DERIVED_FILE_DIR)/Pods-AifudaoBaseModule-checkManifestLockResult.txt",
			);
			runOnlyForDeploymentPostprocessing = 0;
			shellPath = /bin/sh;
			shellScript = "diff \"${PODS_PODFILE_DIR_PATH}/Podfile.lock\" \"${PODS_ROOT}/Manifest.lock\" > /dev/null\nif [ $? != 0 ] ; then\n    # print error to STDERR\n    echo \"error: The sandbox is not in sync with the Podfile.lock. Run 'pod install' or update your CocoaPods installation.\" >&2\n    exit 1\nfi\n# This output is used by Xcode 'outputs' to avoid re-running this script phase.\necho \"SUCCESS\" > \"${SCRIPT_OUTPUT_FILE_0}\"\n";
			showEnvVarsInLog = 0;
		};
/* End PBXShellScriptBuildPhase section */

/* Begin PBXSourcesBuildPhase section */
		9199C8DB215DDEA5009C27CE /* Sources */ = {
			isa = PBXSourcesBuildPhase;
			buildActionMask = 2147483647;
			files = (
				9199C8E7215DDEA5009C27CE /* ViewController.m in Sources */,
				9199C8F2215DDEA6009C27CE /* main.m in Sources */,
				9199C8E4215DDEA5009C27CE /* AppDelegate.m in Sources */,
			);
			runOnlyForDeploymentPostprocessing = 0;
		};
		9199C8F3215DDEA6009C27CE /* Sources */ = {
			isa = PBXSourcesBuildPhase;
			buildActionMask = 2147483647;
			files = (
				9199C8FC215DDEA6009C27CE /* AifudaoBaseModuleTests.m in Sources */,
			);
			runOnlyForDeploymentPostprocessing = 0;
		};
		9199C8FE215DDEA6009C27CE /* Sources */ = {
			isa = PBXSourcesBuildPhase;
			buildActionMask = 2147483647;
			files = (
				9199C907215DDEA6009C27CE /* AifudaoBaseModuleUITests.m in Sources */,
			);
			runOnlyForDeploymentPostprocessing = 0;
		};
/* End PBXSourcesBuildPhase section */

/* Begin PBXTargetDependency section */
		9199C8F9215DDEA6009C27CE /* PBXTargetDependency */ = {
			isa = PBXTargetDependency;
			target = 9199C8DE215DDEA5009C27CE /* AifudaoBaseModule */;
			targetProxy = 9199C8F8215DDEA6009C27CE /* PBXContainerItemProxy */;
		};
		9199C904215DDEA6009C27CE /* PBXTargetDependency */ = {
			isa = PBXTargetDependency;
			target = 9199C8DE215DDEA5009C27CE /* AifudaoBaseModule */;
			targetProxy = 9199C903215DDEA6009C27CE /* PBXContainerItemProxy */;
		};
/* End PBXTargetDependency section */

/* Begin PBXVariantGroup section */
		9199C8E8215DDEA5009C27CE /* Main.storyboard */ = {
			isa = PBXVariantGroup;
			children = (
				9199C8E9215DDEA5009C27CE /* Base */,
			);
			name = Main.storyboard;
			sourceTree = "<group>";
		};
		9199C8ED215DDEA6009C27CE /* LaunchScreen.storyboard */ = {
			isa = PBXVariantGroup;
			children = (
				9199C8EE215DDEA6009C27CE /* Base */,
			);
			name = LaunchScreen.storyboard;
			sourceTree = "<group>";
		};
/* End PBXVariantGroup section */

/* Begin XCBuildConfiguration section */
		9199C909215DDEA6009C27CE /* Debug */ = {
			isa = XCBuildConfiguration;
			buildSettings = {
				ALWAYS_SEARCH_USER_PATHS = NO;
				CLANG_ANALYZER_NONNULL = YES;
				CLANG_ANALYZER_NUMBER_OBJECT_CONVERSION = YES_AGGRESSIVE;
				CLANG_CXX_LANGUAGE_STANDARD = "gnu++14";
				CLANG_CXX_LIBRARY = "libc++";
				CLANG_ENABLE_MODULES = YES;
				CLANG_ENABLE_OBJC_ARC = YES;
				CLANG_ENABLE_OBJC_WEAK = YES;
				CLANG_WARN_BLOCK_CAPTURE_AUTORELEASING = YES;
				CLANG_WARN_BOOL_CONVERSION = YES;
				CLANG_WARN_COMMA = YES;
				CLANG_WARN_CONSTANT_CONVERSION = YES;
				CLANG_WARN_DEPRECATED_OBJC_IMPLEMENTATIONS = YES;
				CLANG_WARN_DIRECT_OBJC_ISA_USAGE = YES_ERROR;
				CLANG_WARN_DOCUMENTATION_COMMENTS = YES;
				CLANG_WARN_EMPTY_BODY = YES;
				CLANG_WARN_ENUM_CONVERSION = YES;
				CLANG_WARN_INFINITE_RECURSION = YES;
				CLANG_WARN_INT_CONVERSION = YES;
				CLANG_WARN_NON_LITERAL_NULL_CONVERSION = YES;
				CLANG_WARN_OBJC_IMPLICIT_RETAIN_SELF = YES;
				CLANG_WARN_OBJC_LITERAL_CONVERSION = YES;
				CLANG_WARN_OBJC_ROOT_CLASS = YES_ERROR;
				CLANG_WARN_RANGE_LOOP_ANALYSIS = YES;
				CLANG_WARN_STRICT_PROTOTYPES = YES;
				CLANG_WARN_SUSPICIOUS_MOVE = YES;
				CLANG_WARN_UNGUARDED_AVAILABILITY = YES_AGGRESSIVE;
				CLANG_WARN_UNREACHABLE_CODE = YES;
				CLANG_WARN__DUPLICATE_METHOD_MATCH = YES;
				CODE_SIGN_IDENTITY = "iPhone Developer";
				COPY_PHASE_STRIP = NO;
				DEBUG_INFORMATION_FORMAT = dwarf;
				ENABLE_STRICT_OBJC_MSGSEND = YES;
				ENABLE_TESTABILITY = YES;
				GCC_C_LANGUAGE_STANDARD = gnu11;
				GCC_DYNAMIC_NO_PIC = NO;
				GCC_NO_COMMON_BLOCKS = YES;
				GCC_OPTIMIZATION_LEVEL = 0;
				GCC_PREPROCESSOR_DEFINITIONS = (
					"DEBUG=1",
					"$(inherited)",
				);
				GCC_WARN_64_TO_32_BIT_CONVERSION = YES;
				GCC_WARN_ABOUT_RETURN_TYPE = YES_ERROR;
				GCC_WARN_UNDECLARED_SELECTOR = YES;
				GCC_WARN_UNINITIALIZED_AUTOS = YES_AGGRESSIVE;
				GCC_WARN_UNUSED_FUNCTION = YES;
				GCC_WARN_UNUSED_VARIABLE = YES;
				IPHONEOS_DEPLOYMENT_TARGET = 12.0;
				MTL_ENABLE_DEBUG_INFO = INCLUDE_SOURCE;
				MTL_FAST_MATH = YES;
				ONLY_ACTIVE_ARCH = YES;
				SDKROOT = iphoneos;
			};
			name = Debug;
		};
		9199C90A215DDEA6009C27CE /* Release */ = {
			isa = XCBuildConfiguration;
			buildSettings = {
				ALWAYS_SEARCH_USER_PATHS = NO;
				CLANG_ANALYZER_NONNULL = YES;
				CLANG_ANALYZER_NUMBER_OBJECT_CONVERSION = YES_AGGRESSIVE;
				CLANG_CXX_LANGUAGE_STANDARD = "gnu++14";
				CLANG_CXX_LIBRARY = "libc++";
				CLANG_ENABLE_MODULES = YES;
				CLANG_ENABLE_OBJC_ARC = YES;
				CLANG_ENABLE_OBJC_WEAK = YES;
				CLANG_WARN_BLOCK_CAPTURE_AUTORELEASING = YES;
				CLANG_WARN_BOOL_CONVERSION = YES;
				CLANG_WARN_COMMA = YES;
				CLANG_WARN_CONSTANT_CONVERSION = YES;
				CLANG_WARN_DEPRECATED_OBJC_IMPLEMENTATIONS = YES;
				CLANG_WARN_DIRECT_OBJC_ISA_USAGE = YES_ERROR;
				CLANG_WARN_DOCUMENTATION_COMMENTS = YES;
				CLANG_WARN_EMPTY_BODY = YES;
				CLANG_WARN_ENUM_CONVERSION = YES;
				CLANG_WARN_INFINITE_RECURSION = YES;
				CLANG_WARN_INT_CONVERSION = YES;
				CLANG_WARN_NON_LITERAL_NULL_CONVERSION = YES;
				CLANG_WARN_OBJC_IMPLICIT_RETAIN_SELF = YES;
				CLANG_WARN_OBJC_LITERAL_CONVERSION = YES;
				CLANG_WARN_OBJC_ROOT_CLASS = YES_ERROR;
				CLANG_WARN_RANGE_LOOP_ANALYSIS = YES;
				CLANG_WARN_STRICT_PROTOTYPES = YES;
				CLANG_WARN_SUSPICIOUS_MOVE = YES;
				CLANG_WARN_UNGUARDED_AVAILABILITY = YES_AGGRESSIVE;
				CLANG_WARN_UNREACHABLE_CODE = YES;
				CLANG_WARN__DUPLICATE_METHOD_MATCH = YES;
				CODE_SIGN_IDENTITY = "iPhone Developer";
				COPY_PHASE_STRIP = NO;
				DEBUG_INFORMATION_FORMAT = "dwarf-with-dsym";
				ENABLE_NS_ASSERTIONS = NO;
				ENABLE_STRICT_OBJC_MSGSEND = YES;
				GCC_C_LANGUAGE_STANDARD = gnu11;
				GCC_NO_COMMON_BLOCKS = YES;
				GCC_WARN_64_TO_32_BIT_CONVERSION = YES;
				GCC_WARN_ABOUT_RETURN_TYPE = YES_ERROR;
				GCC_WARN_UNDECLARED_SELECTOR = YES;
				GCC_WARN_UNINITIALIZED_AUTOS = YES_AGGRESSIVE;
				GCC_WARN_UNUSED_FUNCTION = YES;
				GCC_WARN_UNUSED_VARIABLE = YES;
				IPHONEOS_DEPLOYMENT_TARGET = 12.0;
				MTL_ENABLE_DEBUG_INFO = NO;
				MTL_FAST_MATH = YES;
				SDKROOT = iphoneos;
				VALIDATE_PRODUCT = YES;
			};
			name = Release;
		};
		9199C90C215DDEA6009C27CE /* Debug */ = {
			isa = XCBuildConfiguration;
			baseConfigurationReference = 5445AEAC3D85C7AEFF8C14E8 /* Pods-AifudaoBaseModule.debug.xcconfig */;
			buildSettings = {
				ALWAYS_EMBED_SWIFT_STANDARD_LIBRARIES = YES;
				ASSETCATALOG_COMPILER_APPICON_NAME = AppIcon;
				CODE_SIGN_STYLE = Automatic;
				DEVELOPMENT_TEAM = 4UG7R53F9S;
				ENABLE_BITCODE = NO;
				FRAMEWORK_SEARCH_PATHS = "$(inherited)";
				GCC_PREFIX_HEADER = AifudaoBaseModule/PrefixHeader.pch;
				GCC_PREPROCESSOR_DEFINITIONS = (
					"$(inherited)",
					"COCOAPODS=1",
					"$(inherited)",
					"GPB_USE_PROTOBUF_FRAMEWORK_IMPORTS=1",
					"$(inherited)",
					"SD_WEBP=1",
					"$(inherited)",
					"PB_FIELD_32BIT=1",
					"PB_NO_PACKED_STRUCTS=1",
					__I_AM_IPHONE__,
				);
				INFOPLIST_FILE = AifudaoBaseModule/Info.plist;
				IPHONEOS_DEPLOYMENT_TARGET = 8.0;
				LD_RUNPATH_SEARCH_PATHS = (
					"$(inherited)",
					"@executable_path/Frameworks",
				);
				LIBRARY_SEARCH_PATHS = "$(inherited)";
				PRODUCT_BUNDLE_IDENTIFIER = com.yunxiao.AifudaoBaseModule;
				PRODUCT_NAME = "$(TARGET_NAME)";
				TARGETED_DEVICE_FAMILY = 1;
			};
			name = Debug;
		};
		9199C90D215DDEA6009C27CE /* Release */ = {
			isa = XCBuildConfiguration;
			baseConfigurationReference = BA4CDC98BB218CBB6E851E67 /* Pods-AifudaoBaseModule.release.xcconfig */;
			buildSettings = {
				ALWAYS_EMBED_SWIFT_STANDARD_LIBRARIES = YES;
				ASSETCATALOG_COMPILER_APPICON_NAME = AppIcon;
				CODE_SIGN_STYLE = Automatic;
				DEVELOPMENT_TEAM = 4UG7R53F9S;
				ENABLE_BITCODE = NO;
				FRAMEWORK_SEARCH_PATHS = "$(inherited)";
				GCC_PREFIX_HEADER = AifudaoBaseModule/PrefixHeader.pch;
				GCC_PREPROCESSOR_DEFINITIONS = (
					"$(inherited)",
					"COCOAPODS=1",
					"$(inherited)",
					"GPB_USE_PROTOBUF_FRAMEWORK_IMPORTS=1",
					"$(inherited)",
					"SD_WEBP=1",
					"$(inherited)",
					"PB_FIELD_32BIT=1",
					"PB_NO_PACKED_STRUCTS=1",
					__I_AM_IPHONE__,
				);
				INFOPLIST_FILE = AifudaoBaseModule/Info.plist;
				IPHONEOS_DEPLOYMENT_TARGET = 8.0;
				LD_RUNPATH_SEARCH_PATHS = (
					"$(inherited)",
					"@executable_path/Frameworks",
				);
				LIBRARY_SEARCH_PATHS = "$(inherited)";
				PRODUCT_BUNDLE_IDENTIFIER = com.yunxiao.AifudaoBaseModule;
				PRODUCT_NAME = "$(TARGET_NAME)";
				TARGETED_DEVICE_FAMILY = 1;
			};
			name = Release;
		};
		9199C90F215DDEA6009C27CE /* Debug */ = {
			isa = XCBuildConfiguration;
			buildSettings = {
				BUNDLE_LOADER = "$(TEST_HOST)";
				CODE_SIGN_STYLE = Automatic;
				DEVELOPMENT_TEAM = G3AADY788C;
				INFOPLIST_FILE = AifudaoBaseModuleTests/Info.plist;
				LD_RUNPATH_SEARCH_PATHS = (
					"$(inherited)",
					"@executable_path/Frameworks",
					"@loader_path/Frameworks",
				);
				PRODUCT_BUNDLE_IDENTIFIER = com.yunxiao.AifudaoBaseModuleTests;
				PRODUCT_NAME = "$(TARGET_NAME)";
				TARGETED_DEVICE_FAMILY = "1,2";
				TEST_HOST = "$(BUILT_PRODUCTS_DIR)/AifudaoBaseModule.app/AifudaoBaseModule";
			};
			name = Debug;
		};
		9199C910215DDEA6009C27CE /* Release */ = {
			isa = XCBuildConfiguration;
			buildSettings = {
				BUNDLE_LOADER = "$(TEST_HOST)";
				CODE_SIGN_STYLE = Automatic;
				DEVELOPMENT_TEAM = G3AADY788C;
				INFOPLIST_FILE = AifudaoBaseModuleTests/Info.plist;
				LD_RUNPATH_SEARCH_PATHS = (
					"$(inherited)",
					"@executable_path/Frameworks",
					"@loader_path/Frameworks",
				);
				PRODUCT_BUNDLE_IDENTIFIER = com.yunxiao.AifudaoBaseModuleTests;
				PRODUCT_NAME = "$(TARGET_NAME)";
				TARGETED_DEVICE_FAMILY = "1,2";
				TEST_HOST = "$(BUILT_PRODUCTS_DIR)/AifudaoBaseModule.app/AifudaoBaseModule";
			};
			name = Release;
		};
		9199C912215DDEA6009C27CE /* Debug */ = {
			isa = XCBuildConfiguration;
			buildSettings = {
				CODE_SIGN_STYLE = Automatic;
				DEVELOPMENT_TEAM = G3AADY788C;
				INFOPLIST_FILE = AifudaoBaseModuleUITests/Info.plist;
				LD_RUNPATH_SEARCH_PATHS = (
					"$(inherited)",
					"@executable_path/Frameworks",
					"@loader_path/Frameworks",
				);
				PRODUCT_BUNDLE_IDENTIFIER = com.yunxiao.AifudaoBaseModuleUITests;
				PRODUCT_NAME = "$(TARGET_NAME)";
				TARGETED_DEVICE_FAMILY = "1,2";
				TEST_TARGET_NAME = AifudaoBaseModule;
			};
			name = Debug;
		};
		9199C913215DDEA6009C27CE /* Release */ = {
			isa = XCBuildConfiguration;
			buildSettings = {
				CODE_SIGN_STYLE = Automatic;
				DEVELOPMENT_TEAM = G3AADY788C;
				INFOPLIST_FILE = AifudaoBaseModuleUITests/Info.plist;
				LD_RUNPATH_SEARCH_PATHS = (
					"$(inherited)",
					"@executable_path/Frameworks",
					"@loader_path/Frameworks",
				);
				PRODUCT_BUNDLE_IDENTIFIER = com.yunxiao.AifudaoBaseModuleUITests;
				PRODUCT_NAME = "$(TARGET_NAME)";
				TARGETED_DEVICE_FAMILY = "1,2";
				TEST_TARGET_NAME = AifudaoBaseModule;
			};
			name = Release;
		};
/* End XCBuildConfiguration section */

/* Begin XCConfigurationList section */
		9199C8DA215DDEA5009C27CE /* Build configuration list for PBXProject "aifudaoBaseModule" */ = {
			isa = XCConfigurationList;
			buildConfigurations = (
				9199C909215DDEA6009C27CE /* Debug */,
				9199C90A215DDEA6009C27CE /* Release */,
			);
			defaultConfigurationIsVisible = 0;
			defaultConfigurationName = Release;
		};
		9199C90B215DDEA6009C27CE /* Build configuration list for PBXNativeTarget "AifudaoBaseModule" */ = {
			isa = XCConfigurationList;
			buildConfigurations = (
				9199C90C215DDEA6009C27CE /* Debug */,
				9199C90D215DDEA6009C27CE /* Release */,
			);
			defaultConfigurationIsVisible = 0;
			defaultConfigurationName = Release;
		};
		9199C90E215DDEA6009C27CE /* Build configuration list for PBXNativeTarget "AifudaoBaseModuleTests" */ = {
			isa = XCConfigurationList;
			buildConfigurations = (
				9199C90F215DDEA6009C27CE /* Debug */,
				9199C910215DDEA6009C27CE /* Release */,
			);
			defaultConfigurationIsVisible = 0;
			defaultConfigurationName = Release;
		};
		9199C911215DDEA6009C27CE /* Build configuration list for PBXNativeTarget "AifudaoBaseModuleUITests" */ = {
			isa = XCConfigurationList;
			buildConfigurations = (
				9199C912215DDEA6009C27CE /* Debug */,
				9199C913215DDEA6009C27CE /* Release */,
			);
			defaultConfigurationIsVisible = 0;
			defaultConfigurationName = Release;
		};
/* End XCConfigurationList section */
	};
	rootObject = 9199C8D7215DDEA5009C27CE /* Project object */;
}
